
Microsoft Visual Studio Solution File, Format Version 12.00
# Visual Studio Version 16
VisualStudioVersion = 16.0.30503.244
MinimumVisualStudioVersion = 10.0.40219.1
Project("{FAE04EC0-301F-11D3-BF4B-00C04F79EFBC}") = "TextEditor", "TextEditor.csproj", "{8406D3CB-C868-4D59-BE08-B55A6BDDFAA9}"
EndProject
Global
	GlobalSection(SolutionConfigurationPlatforms) = preSolution
		Debug|Any CPU = Debug|Any CPU
		Release|Any CPU = Release|Any CPU
	EndGlobalSection
	GlobalSection(ProjectConfigurationPlatforms) = postSolution
		{8406D3CB-C868-4D59-BE08-B55A6BDDFAA9}.Debug|Any CPU.ActiveCfg = Debug|Any CPU
		{8406D3CB-C868-4D59-BE08-B55A6BDDFAA9}.Debug|Any CPU.Build.0 = Debug|Any CPU
		{8406D3CB-C868-4D59-BE08-B55A6BDDFAA9}.Release|Any CPU.ActiveCfg = Release|Any CPU
		{8406D3CB-C868-4D59-BE08-B55A6BDDFAA9}.Release|Any CPU.Build.0 = Release|Any CPU
	EndGlobalSection
	GlobalSection(SolutionProperties) = preSolution
		HideSolutionNode = FALSE
	EndGlobalSection
	GlobalSection(ExtensibilityGlobals) = postSolution
		SolutionGuid = {1944ECB8-6A36-412D-8D5E-2DF7A4AA0609}
	EndGlobalSection
EndGlobal
